
Microsoft Visual Studio Solution File, Format Version 12.00
# Visual Studio 2015
Project("{FAE04EC0-301F-11D3-BF4B-00C04F79EFBC}") = "CaveGeneration", "CaveGeneration.csproj", "{BC948B3C-038D-61AF-4C8F-9AC92B48A806}"
EndProject
Global
	GlobalSection(SolutionConfigurationPlatforms) = preSolution
		Debug|Any CPU = Debug|Any CPU
		Release|Any CPU = Release|Any CPU
	EndGlobalSection
	GlobalSection(ProjectConfigurationPlatforms) = postSolution
		{BC948B3C-038D-61AF-4C8F-9AC92B48A806}.Debug|Any CPU.ActiveCfg = Debug|Any CPU
		{BC948B3C-038D-61AF-4C8F-9AC92B48A806}.Debug|Any CPU.Build.0 = Debug|Any CPU
		{BC948B3C-038D-61AF-4C8F-9AC92B48A806}.Release|Any CPU.ActiveCfg = Release|Any CPU
		{BC948B3C-038D-61AF-4C8F-9AC92B48A806}.Release|Any CPU.Build.0 = Release|Any CPU
	EndGlobalSection
	GlobalSection(SolutionProperties) = preSolution
		HideSolutionNode = FALSE
	EndGlobalSection
EndGlobal
